
Microsoft Visual Studio Solution File, Format Version 12.00
# Visual Studio Version 16
VisualStudioVersion = 16.0.29025.244
MinimumVisualStudioVersion = 10.0.40219.1
Project("{FAE04EC0-301F-11D3-BF4B-00C04F79EFBC}") = "Chat App", "Chat App\Chat App.csproj", "{A5BA21C7-908F-4681-A2A1-C5CE0A72112E}"
EndProject
Global
	GlobalSection(SolutionConfigurationPlatforms) = preSolution
		Debug|Any CPU = Debug|Any CPU
		Release|Any CPU = Release|Any CPU
	EndGlobalSection
	GlobalSection(ProjectConfigurationPlatforms) = postSolution
		{A5BA21C7-908F-4681-A2A1-C5CE0A72112E}.Debug|Any CPU.ActiveCfg = Debug|Any CPU
		{A5BA21C7-908F-4681-A2A1-C5CE0A72112E}.Debug|Any CPU.Build.0 = Debug|Any CPU
		{A5BA21C7-908F-4681-A2A1-C5CE0A72112E}.Release|Any CPU.ActiveCfg = Release|Any CPU
		{A5BA21C7-908F-4681-A2A1-C5CE0A72112E}.Release|Any CPU.Build.0 = Release|Any CPU
	EndGlobalSection
	GlobalSection(SolutionProperties) = preSolution
		HideSolutionNode = FALSE
	EndGlobalSection
	GlobalSection(ExtensibilityGlobals) = postSolution
		SolutionGuid = {6626B9EB-5011-4B7E-8166-C9B5526243EA}
	EndGlobalSection
EndGlobal
